Microsoft Visual Studio Solution File, Format Version 12.00
# Visual Studio Version 16
VisualStudioVersion = 16.0.31729.503
MinimumVisualStudioVersion = 10.0.40219.1
Project("{FAE04EC0-301F-11D3-BF4B-00C04F79EFBC}") = "HolaMundo", "HolaMundo.csproj", "{CE530888-D444-4525-9187-339303D43852}"
EndProject
Global
	GlobalSection(SolutionConfigurationPlatforms) = preSolution
		Debug|Any CPU = Debug|Any CPU
		Release|Any CPU = Release|Any CPU
	EndGlobalSection
	GlobalSection(ProjectConfigurationPlatforms) = postSolution
		{CE530888-D444-4525-9187-339303D43852}.Debug|Any CPU.ActiveCfg = Debug|Any CPU
		{CE530888-D444-4525-9187-339303D43852}.Debug|Any CPU.Build.0 = Debug|Any CPU
		{CE530888-D444-4525-9187-339303D43852}.Release|Any CPU.ActiveCfg = Release|Any CPU
		{CE530888-D444-4525-9187-339303D43852}.Release|Any CPU.Build.0 = Release|Any CPU
	EndGlobalSection
	GlobalSection(SolutionProperties) = preSolution
		HideSolutionNode = FALSE
	EndGlobalSection
	GlobalSection(ExtensibilityGlobals) = postSolution
		SolutionGuid = {23DFF036-6E12-439E-BD6E-956897857708}
	EndGlobalSection
EndGlobal
